
Microsoft Visual Studio Solution File, Format Version 12.00
# Visual Studio Version 17
VisualStudioVersion = 17.5.33530.505
MinimumVisualStudioVersion = 10.0.40219.1
Project("{FAE04EC0-301F-11D3-BF4B-00C04F79EFBC}") = "CarDelegate", "CarDelegate\CarDelegate.csproj", "{B11D5A4E-6A6A-40A5-9EE4-761CF07AAF9C}"
EndProject
Global
	GlobalSection(SolutionConfigurationPlatforms) = preSolution
		Debug|Any CPU = Debug|Any CPU
		Release|Any CPU = Release|Any CPU
	EndGlobalSection
	GlobalSection(ProjectConfigurationPlatforms) = postSolution
		{B11D5A4E-6A6A-40A5-9EE4-761CF07AAF9C}.Debug|Any CPU.ActiveCfg = Debug|Any CPU
		{B11D5A4E-6A6A-40A5-9EE4-761CF07AAF9C}.Debug|Any CPU.Build.0 = Debug|Any CPU
		{B11D5A4E-6A6A-40A5-9EE4-761CF07AAF9C}.Release|Any CPU.ActiveCfg = Release|Any CPU
		{B11D5A4E-6A6A-40A5-9EE4-761CF07AAF9C}.Release|Any CPU.Build.0 = Release|Any CPU
	EndGlobalSection
	GlobalSection(SolutionProperties) = preSolution
		HideSolutionNode = FALSE
	EndGlobalSection
	GlobalSection(ExtensibilityGlobals) = postSolution
		SolutionGuid = {0BB43F49-F50F-410A-8393-AF5576FACA3B}
	EndGlobalSection
EndGlobal
